// !$*UTF8*$!
{
	archiveVersion = 1;
	classes = {
	};
	objectVersion = 50;
	objects = {

/* Begin PBXBuildFile section */
		5B0020CD2707278B00D22DEA /* FormManager.swift in Sources */ = {isa = PBXBuildFile; fileRef = 5B0020CC2707278B00D22DEA /* FormManager.swift */; };
		5B0020CF27072F2E00D22DEA /* FormManagerTests.swift in Sources */ = {isa = PBXBuildFile; fileRef = 5B0020CE27072F2E00D22DEA /* FormManagerTests.swift */; };
		5B5EDE4126F4B77A00029694 /* Recipe.swift in Sources */ = {isa = PBXBuildFile; fileRef = 5B5EDE4026F4B77A00029694 /* Recipe.swift */; };
		5B5EDE4326F4BAE800029694 /* NewRecipeViewControllerFirst.swift in Sources */ = {isa = PBXBuildFile; fileRef = 5B5EDE4226F4BAE800029694 /* NewRecipeViewControllerFirst.swift */; };
		5B5EDE4526F4BEE800029694 /* NewRecipeViewControllerThree.swift in Sources */ = {isa = PBXBuildFile; fileRef = 5B5EDE4426F4BEE800029694 /* NewRecipeViewControllerThree.swift */; };
		9D1DC71726DA796C0068BC0E /* HomeCollectionViewCell.swift in Sources */ = {isa = PBXBuildFile; fileRef = 9D1DC71626DA796C0068BC0E /* HomeCollectionViewCell.swift */; };
		9D461A1C26CFE82E00308C15 /* AppDelegate.swift in Sources */ = {isa = PBXBuildFile; fileRef = 9D461A1B26CFE82E00308C15 /* AppDelegate.swift */; };
		9D461A1E26CFE82E00308C15 /* SceneDelegate.swift in Sources */ = {isa = PBXBuildFile; fileRef = 9D461A1D26CFE82E00308C15 /* SceneDelegate.swift */; };
		9D461A2026CFE82E00308C15 /* HomeViewController.swift in Sources */ = {isa = PBXBuildFile; fileRef = 9D461A1F26CFE82E00308C15 /* HomeViewController.swift */; };
		9D461A2326CFE82E00308C15 /* Main.storyboard in Resources */ = {isa = PBXBuildFile; fileRef = 9D461A2126CFE82E00308C15 /* Main.storyboard */; };
		9D461A2526CFE83000308C15 /* Assets.xcassets in Resources */ = {isa = PBXBuildFile; fileRef = 9D461A2426CFE83000308C15 /* Assets.xcassets */; };
		9D461A2826CFE83000308C15 /* LaunchScreen.storyboard in Resources */ = {isa = PBXBuildFile; fileRef = 9D461A2626CFE83000308C15 /* LaunchScreen.storyboard */; };
		9D461A3326CFE83100308C15 /* EasyCookAppTests.swift in Sources */ = {isa = PBXBuildFile; fileRef = 9D461A3226CFE83100308C15 /* EasyCookAppTests.swift */; };
		9D461A3E26CFE83100308C15 /* EasyCookAppUITests.swift in Sources */ = {isa = PBXBuildFile; fileRef = 9D461A3D26CFE83100308C15 /* EasyCookAppUITests.swift */; };
		9D461A4C26D0726B00308C15 /* IngredientesViewController.swift in Sources */ = {isa = PBXBuildFile; fileRef = 9D461A4B26D0726A00308C15 /* IngredientesViewController.swift */; };
		9D8D4E3426D990A400005F73 /* PagReceitaViewController.swift in Sources */ = {isa = PBXBuildFile; fileRef = 9D8D4E3326D990A400005F73 /* PagReceitaViewController.swift */; };
		9D8D4E3726D9C02800005F73 /* CommentsCollectionViewCell.swift in Sources */ = {isa = PBXBuildFile; fileRef = 9D8D4E3626D9C02800005F73 /* CommentsCollectionViewCell.swift */; };
/* End PBXBuildFile section */

/* Begin PBXContainerItemProxy section */
		9D461A2F26CFE83100308C15 /* PBXContainerItemProxy */ = {
			isa = PBXContainerItemProxy;
			containerPortal = 9D461A1026CFE82E00308C15 /* Project object */;
			proxyType = 1;
			remoteGlobalIDString = 9D461A1726CFE82E00308C15;
			remoteInfo = EasyCookApp;
		};
		9D461A3A26CFE83100308C15 /* PBXContainerItemProxy */ = {
			isa = PBXContainerItemProxy;
			containerPortal = 9D461A1026CFE82E00308C15 /* Project object */;
			proxyType = 1;
			remoteGlobalIDString = 9D461A1726CFE82E00308C15;
			remoteInfo = EasyCookApp;
		};
/* End PBXContainerItemProxy section */

/* Begin PBXFileReference section */
		5B0020CC2707278B00D22DEA /* FormManager.swift */ = {isa = PBXFileReference; lastKnownFileType = sourcecode.swift; path = FormManager.swift; sourceTree = "<group>"; };
		5B0020CE27072F2E00D22DEA /* FormManagerTests.swift */ = {isa = PBXFileReference; lastKnownFileType = sourcecode.swift; path = FormManagerTests.swift; sourceTree = "<group>"; };
		5B5EDE4026F4B77A00029694 /* Recipe.swift */ = {isa = PBXFileReference; lastKnownFileType = sourcecode.swift; path = Recipe.swift; sourceTree = "<group>"; };
		5B5EDE4226F4BAE800029694 /* NewRecipeViewControllerFirst.swift */ = {isa = PBXFileReference; lastKnownFileType = sourcecode.swift; path = NewRecipeViewControllerFirst.swift; sourceTree = "<group>"; };
		5B5EDE4426F4BEE800029694 /* NewRecipeViewControllerThree.swift */ = {isa = PBXFileReference; lastKnownFileType = sourcecode.swift; path = NewRecipeViewControllerThree.swift; sourceTree = "<group>"; };
		9D1DC71626DA796C0068BC0E /* HomeCollectionViewCell.swift */ = {isa = PBXFileReference; lastKnownFileType = sourcecode.swift; path = HomeCollectionViewCell.swift; sourceTree = "<group>"; };
		9D461A1826CFE82E00308C15 /* EasyCookApp.app */ = {isa = PBXFileReference; explicitFileType = wrapper.application; includeInIndex = 0; path = EasyCookApp.app; sourceTree = BUILT_PRODUCTS_DIR; };
		9D461A1B26CFE82E00308C15 /* AppDelegate.swift */ = {isa = PBXFileReference; lastKnownFileType = sourcecode.swift; path = AppDelegate.swift; sourceTree = "<group>"; };
		9D461A1D26CFE82E00308C15 /* SceneDelegate.swift */ = {isa = PBXFileReference; lastKnownFileType = sourcecode.swift; path = SceneDelegate.swift; sourceTree = "<group>"; };
		9D461A1F26CFE82E00308C15 /* HomeViewController.swift */ = {isa = PBXFileReference; lastKnownFileType = sourcecode.swift; path = HomeViewController.swift; sourceTree = "<group>"; };
		9D461A2226CFE82E00308C15 /* Base */ = {isa = PBXFileReference; lastKnownFileType = file.storyboard; name = Base; path = Base.lproj/Main.storyboard; sourceTree = "<group>"; };
		9D461A2426CFE83000308C15 /* Assets.xcassets */ = {isa = PBXFileReference; lastKnownFileType = folder.assetcatalog; path = Assets.xcassets; sourceTree = "<group>"; };
		9D461A2726CFE83000308C15 /* Base */ = {isa = PBXFileReference; lastKnownFileType = file.storyboard; name = Base; path = Base.lproj/LaunchScreen.storyboard; sourceTree = "<group>"; };
		9D461A2926CFE83000308C15 /* Info.plist */ = {isa = PBXFileReference; lastKnownFileType = text.plist.xml; path = Info.plist; sourceTree = "<group>"; };
		9D461A2E26CFE83100308C15 /* EasyCookAppTests.xctest */ = {isa = PBXFileReference; explicitFileType = wrapper.cfbundle; includeInIndex = 0; path = EasyCookAppTests.xctest; sourceTree = BUILT_PRODUCTS_DIR; };
		9D461A3226CFE83100308C15 /* EasyCookAppTests.swift */ = {isa = PBXFileReference; lastKnownFileType = sourcecode.swift; path = EasyCookAppTests.swift; sourceTree = "<group>"; };
		9D461A3426CFE83100308C15 /* Info.plist */ = {isa = PBXFileReference; lastKnownFileType = text.plist.xml; path = Info.plist; sourceTree = "<group>"; };
		9D461A3926CFE83100308C15 /* EasyCookAppUITests.xctest */ = {isa = PBXFileReference; explicitFileType = wrapper.cfbundle; includeInIndex = 0; path = EasyCookAppUITests.xctest; sourceTree = BUILT_PRODUCTS_DIR; };
		9D461A3D26CFE83100308C15 /* EasyCookAppUITests.swift */ = {isa = PBXFileReference; lastKnownFileType = sourcecode.swift; path = EasyCookAppUITests.swift; sourceTree = "<group>"; };
		9D461A3F26CFE83100308C15 /* Info.plist */ = {isa = PBXFileReference; lastKnownFileType = text.plist.xml; path = Info.plist; sourceTree = "<group>"; };
		9D461A4B26D0726A00308C15 /* IngredientesViewController.swift */ = {isa = PBXFileReference; lastKnownFileType = sourcecode.swift; path = IngredientesViewController.swift; sourceTree = "<group>"; };
		9D8D4E3326D990A400005F73 /* PagReceitaViewController.swift */ = {isa = PBXFileReference; lastKnownFileType = sourcecode.swift; path = PagReceitaViewController.swift; sourceTree = "<group>"; };
		9D8D4E3626D9C02800005F73 /* CommentsCollectionViewCell.swift */ = {isa = PBXFileReference; lastKnownFileType = sourcecode.swift; path = CommentsCollectionViewCell.swift; sourceTree = "<group>"; };
/* End PBXFileReference section */

/* Begin PBXFrameworksBuildPhase section */
		9D461A1526CFE82E00308C15 /* Frameworks */ = {
			isa = PBXFrameworksBuildPhase;
			buildActionMask = 2147483647;
			files = (
			);
			runOnlyForDeploymentPostprocessing = 0;
		};
		9D461A2B26CFE83100308C15 /* Frameworks */ = {
			isa = PBXFrameworksBuildPhase;
			buildActionMask = 2147483647;
			files = (
			);
			runOnlyForDeploymentPostprocessing = 0;
		};
		9D461A3626CFE83100308C15 /* Frameworks */ = {
			isa = PBXFrameworksBuildPhase;
			buildActionMask = 2147483647;
			files = (
			);
			runOnlyForDeploymentPostprocessing = 0;
		};
/* End PBXFrameworksBuildPhase section */

/* Begin PBXGroup section */
		9D461A0F26CFE82E00308C15 = {
			isa = PBXGroup;
			children = (
				9D461A1A26CFE82E00308C15 /* EasyCookApp */,
				9D461A3126CFE83100308C15 /* EasyCookAppTests */,
				9D461A3C26CFE83100308C15 /* EasyCookAppUITests */,
				9D461A1926CFE82E00308C15 /* Products */,
			);
			sourceTree = "<group>";
		};
		9D461A1926CFE82E00308C15 /* Products */ = {
			isa = PBXGroup;
			children = (
				9D461A1826CFE82E00308C15 /* EasyCookApp.app */,
				9D461A2E26CFE83100308C15 /* EasyCookAppTests.xctest */,
				9D461A3926CFE83100308C15 /* EasyCookAppUITests.xctest */,
			);
			name = Products;
			sourceTree = "<group>";
		};
		9D461A1A26CFE82E00308C15 /* EasyCookApp */ = {
			isa = PBXGroup;
			children = (
				9D8D4E3526D990AA00005F73 /* Controllers */,
				9D461A2126CFE82E00308C15 /* Main.storyboard */,
				9D461A1B26CFE82E00308C15 /* AppDelegate.swift */,
				9D461A1D26CFE82E00308C15 /* SceneDelegate.swift */,
				9D461A2426CFE83000308C15 /* Assets.xcassets */,
				9D461A2626CFE83000308C15 /* LaunchScreen.storyboard */,
				9D461A2926CFE83000308C15 /* Info.plist */,
				9D461A4B26D0726A00308C15 /* IngredientesViewController.swift */,
				5B5EDE4026F4B77A00029694 /* Recipe.swift */,
				5B0020CC2707278B00D22DEA /* FormManager.swift */,
			);
			path = EasyCookApp;
			sourceTree = "<group>";
		};
		9D461A3126CFE83100308C15 /* EasyCookAppTests */ = {
			isa = PBXGroup;
			children = (
				9D461A3226CFE83100308C15 /* EasyCookAppTests.swift */,
				9D461A3426CFE83100308C15 /* Info.plist */,
				5B0020CE27072F2E00D22DEA /* FormManagerTests.swift */,
			);
			path = EasyCookAppTests;
			sourceTree = "<group>";
		};
		9D461A3C26CFE83100308C15 /* EasyCookAppUITests */ = {
			isa = PBXGroup;
			children = (
				9D461A3D26CFE83100308C15 /* EasyCookAppUITests.swift */,
				9D461A3F26CFE83100308C15 /* Info.plist */,
			);
			path = EasyCookAppUITests;
			sourceTree = "<group>";
		};
		9D8D4E3526D990AA00005F73 /* Controllers */ = {
			isa = PBXGroup;
			children = (
				9D461A1F26CFE82E00308C15 /* HomeViewController.swift */,
				9D1DC71626DA796C0068BC0E /* HomeCollectionViewCell.swift */,
				9D8D4E3326D990A400005F73 /* PagReceitaViewController.swift */,
				9D8D4E3626D9C02800005F73 /* CommentsCollectionViewCell.swift */,
				5B5EDE4226F4BAE800029694 /* NewRecipeViewControllerFirst.swift */,
				5B5EDE4426F4BEE800029694 /* NewRecipeViewControllerThree.swift */,
			);
			path = Controllers;
			sourceTree = "<group>";
		};
/* End PBXGroup section */

/* Begin PBXNativeTarget section */
		9D461A1726CFE82E00308C15 /* EasyCookApp */ = {
			isa = PBXNativeTarget;
			buildConfigurationList = 9D461A4226CFE83100308C15 /* Build configuration list for PBXNativeTarget "EasyCookApp" */;
			buildPhases = (
				9D461A1426CFE82E00308C15 /* Sources */,
				9D461A1526CFE82E00308C15 /* Frameworks */,
				9D461A1626CFE82E00308C15 /* Resources */,
			);
			buildRules = (
			);
			dependencies = (
			);
			name = EasyCookApp;
			productName = EasyCookApp;
			productReference = 9D461A1826CFE82E00308C15 /* EasyCookApp.app */;
			productType = "com.apple.product-type.application";
		};
		9D461A2D26CFE83100308C15 /* EasyCookAppTests */ = {
			isa = PBXNativeTarget;
			buildConfigurationList = 9D461A4526CFE83100308C15 /* Build configuration list for PBXNativeTarget "EasyCookAppTests" */;
			buildPhases = (
				9D461A2A26CFE83100308C15 /* Sources */,
				9D461A2B26CFE83100308C15 /* Frameworks */,
				9D461A2C26CFE83100308C15 /* Resources */,
			);
			buildRules = (
			);
			dependencies = (
				9D461A3026CFE83100308C15 /* PBXTargetDependency */,
			);
			name = EasyCookAppTests;
			productName = EasyCookAppTests;
			productReference = 9D461A2E26CFE83100308C15 /* EasyCookAppTests.xctest */;
			productType = "com.apple.product-type.bundle.unit-test";
		};
		9D461A3826CFE83100308C15 /* EasyCookAppUITests */ = {
			isa = PBXNativeTarget;
			buildConfigurationList = 9D461A4826CFE83100308C15 /* Build configuration list for PBXNativeTarget "EasyCookAppUITests" */;
			buildPhases = (
				9D461A3526CFE83100308C15 /* Sources */,
				9D461A3626CFE83100308C15 /* Frameworks */,
				9D461A3726CFE83100308C15 /* Resources */,
			);
			buildRules = (
			);
			dependencies = (
				9D461A3B26CFE83100308C15 /* PBXTargetDependency */,
			);
			name = EasyCookAppUITests;
			productName = EasyCookAppUITests;
			productReference = 9D461A3926CFE83100308C15 /* EasyCookAppUITests.xctest */;
			productType = "com.apple.product-type.bundle.ui-testing";
		};
/* End PBXNativeTarget section */

/* Begin PBXProject section */
		9D461A1026CFE82E00308C15 /* Project object */ = {
			isa = PBXProject;
			attributes = {
				LastSwiftUpdateCheck = 1250;
				LastUpgradeCheck = 1250;
				TargetAttributes = {
					9D461A1726CFE82E00308C15 = {
						CreatedOnToolsVersion = 12.5.1;
					};
					9D461A2D26CFE83100308C15 = {
						CreatedOnToolsVersion = 12.5.1;
						TestTargetID = 9D461A1726CFE82E00308C15;
					};
					9D461A3826CFE83100308C15 = {
						CreatedOnToolsVersion = 12.5.1;
						TestTargetID = 9D461A1726CFE82E00308C15;
					};
				};
			};
			buildConfigurationList = 9D461A1326CFE82E00308C15 /* Build configuration list for PBXProject "EasyCookApp" */;
			compatibilityVersion = "Xcode 9.3";
			developmentRegion = en;
			hasScannedForEncodings = 0;
			knownRegions = (
				en,
				Base,
			);
			mainGroup = 9D461A0F26CFE82E00308C15;
			productRefGroup = 9D461A1926CFE82E00308C15 /* Products */;
			projectDirPath = "";
			projectRoot = "";
			targets = (
				9D461A1726CFE82E00308C15 /* EasyCookApp */,
				9D461A2D26CFE83100308C15 /* EasyCookAppTests */,
				9D461A3826CFE83100308C15 /* EasyCookAppUITests */,
			);
		};
/* End PBXProject section */

/* Begin PBXResourcesBuildPhase section */
		9D461A1626CFE82E00308C15 /* Resources */ = {
			isa = PBXResourcesBuildPhase;
			buildActionMask = 2147483647;
			files = (
				9D461A2826CFE83000308C15 /* LaunchScreen.storyboard in Resources */,
				9D461A2526CFE83000308C15 /* Assets.xcassets in Resources */,
				9D461A2326CFE82E00308C15 /* Main.storyboard in Resources */,
			);
			runOnlyForDeploymentPostprocessing = 0;
		};
		9D461A2C26CFE83100308C15 /* Resources */ = {
			isa = PBXResourcesBuildPhase;
			buildActionMask = 2147483647;
			files = (
			);
			runOnlyForDeploymentPostprocessing = 0;
		};
		9D461A3726CFE83100308C15 /* Resources */ = {
			isa = PBXResourcesBuildPhase;
			buildActionMask = 2147483647;
			files = (
			);
			runOnlyForDeploymentPostprocessing = 0;
		};
/* End PBXResourcesBuildPhase section */

/* Begin PBXSourcesBuildPhase section */
		9D461A1426CFE82E00308C15 /* Sources */ = {
			isa = PBXSourcesBuildPhase;
			buildActionMask = 2147483647;
			files = (
				9D1DC71726DA796C0068BC0E /* HomeCollectionViewCell.swift in Sources */,
				9D8D4E3726D9C02800005F73 /* CommentsCollectionViewCell.swift in Sources */,
				9D8D4E3426D990A400005F73 /* PagReceitaViewController.swift in Sources */,
				5B5EDE4326F4BAE800029694 /* NewRecipeViewControllerFirst.swift in Sources */,
				9D461A2026CFE82E00308C15 /* HomeViewController.swift in Sources */,
				9D461A1C26CFE82E00308C15 /* AppDelegate.swift in Sources */,
				5B5EDE4526F4BEE800029694 /* NewRecipeViewControllerThree.swift in Sources */,
				5B0020CD2707278B00D22DEA /* FormManager.swift in Sources */,
				9D461A4C26D0726B00308C15 /* IngredientesViewController.swift in Sources */,
				9D461A1E26CFE82E00308C15 /* SceneDelegate.swift in Sources */,
				5B5EDE4126F4B77A00029694 /* Recipe.swift in Sources */,
			);
			runOnlyForDeploymentPostprocessing = 0;
		};
		9D461A2A26CFE83100308C15 /* Sources */ = {
			isa = PBXSourcesBuildPhase;
			buildActionMask = 2147483647;
			files = (
				9D461A3326CFE83100308C15 /* EasyCookAppTests.swift in Sources */,
				5B0020CF27072F2E00D22DEA /* FormManagerTests.swift in Sources */,
			);
			runOnlyForDeploymentPostprocessing = 0;
		};
		9D461A3526CFE83100308C15 /* Sources */ = {
			isa = PBXSourcesBuildPhase;
			buildActionMask = 2147483647;
			files = (
				9D461A3E26CFE83100308C15 /* EasyCookAppUITests.swift in Sources */,
			);
			runOnlyForDeploymentPostprocessing = 0;
		};
/* End PBXSourcesBuildPhase section */

/* Begin PBXTargetDependency section */
		9D461A3026CFE83100308C15 /* PBXTargetDependency */ = {
			isa = PBXTargetDependency;
			target = 9D461A1726CFE82E00308C15 /* EasyCookApp */;
			targetProxy = 9D461A2F26CFE83100308C15 /* PBXContainerItemProxy */;
		};
		9D461A3B26CFE83100308C15 /* PBXTargetDependency */ = {
			isa = PBXTargetDependency;
			target = 9D461A1726CFE82E00308C15 /* EasyCookApp */;
			targetProxy = 9D461A3A26CFE83100308C15 /* PBXContainerItemProxy */;
		};
/* End PBXTargetDependency section */

/* Begin PBXVariantGroup section */
		9D461A2126CFE82E00308C15 /* Main.storyboard */ = {
			isa = PBXVariantGroup;
			children = (
				9D461A2226CFE82E00308C15 /* Base */,
			);
			name = Main.storyboard;
			sourceTree = "<group>";
		};
		9D461A2626CFE83000308C15 /* LaunchScreen.storyboard */ = {
			isa = PBXVariantGroup;
			children = (
				9D461A2726CFE83000308C15 /* Base */,
			);
			name = LaunchScreen.storyboard;
			sourceTree = "<group>";
		};
/* End PBXVariantGroup section */

/* Begin XCBuildConfiguration section */
		9D461A4026CFE83100308C15 /* Debug */ = {
			isa = XCBuildConfiguration;
			buildSettings = {
				ALWAYS_SEARCH_USER_PATHS = NO;
				CLANG_ANALYZER_NONNULL = YES;
				CLANG_ANALYZER_NUMBER_OBJECT_CONVERSION = YES_AGGRESSIVE;
				CLANG_CXX_LANGUAGE_STANDARD = "gnu++14";
				CLANG_CXX_LIBRARY = "libc++";
				CLANG_ENABLE_MODULES = YES;
				CLANG_ENABLE_OBJC_ARC = YES;
				CLANG_ENABLE_OBJC_WEAK = YES;
				CLANG_WARN_BLOCK_CAPTURE_AUTORELEASING = YES;
				CLANG_WARN_BOOL_CONVERSION = YES;
				CLANG_WARN_COMMA = YES;
				CLANG_WARN_CONSTANT_CONVERSION = YES;
				CLANG_WARN_DEPRECATED_OBJC_IMPLEMENTATIONS = YES;
				CLANG_WARN_DIRECT_OBJC_ISA_USAGE = YES_ERROR;
				CLANG_WARN_DOCUMENTATION_COMMENTS = YES;
				CLANG_WARN_EMPTY_BODY = YES;
				CLANG_WARN_ENUM_CONVERSION = YES;
				CLANG_WARN_INFINITE_RECURSION = YES;
				CLANG_WARN_INT_CONVERSION = YES;
				CLANG_WARN_NON_LITERAL_NULL_CONVERSION = YES;
				CLANG_WARN_OBJC_IMPLICIT_RETAIN_SELF = YES;
				CLANG_WARN_OBJC_LITERAL_CONVERSION = YES;
				CLANG_WARN_OBJC_ROOT_CLASS = YES_ERROR;
				CLANG_WARN_QUOTED_INCLUDE_IN_FRAMEWORK_HEADER = YES;
				CLANG_WARN_RANGE_LOOP_ANALYSIS = YES;
				CLANG_WARN_STRICT_PROTOTYPES = YES;
				CLANG_WARN_SUSPICIOUS_MOVE = YES;
				CLANG_WARN_UNGUARDED_AVAILABILITY = YES_AGGRESSIVE;
				CLANG_WARN_UNREACHABLE_CODE = YES;
				CLANG_WARN__DUPLICATE_METHOD_MATCH = YES;
				COPY_PHASE_STRIP = NO;
				DEBUG_INFORMATION_FORMAT = dwarf;
				ENABLE_STRICT_OBJC_MSGSEND = YES;
				ENABLE_TESTABILITY = YES;
				GCC_C_LANGUAGE_STANDARD = gnu11;
				GCC_DYNAMIC_NO_PIC = NO;
				GCC_NO_COMMON_BLOCKS = YES;
				GCC_OPTIMIZATION_LEVEL = 0;
				GCC_PREPROCESSOR_DEFINITIONS = (
					"DEBUG=1",
					"$(inherited)",
				);
				GCC_WARN_64_TO_32_BIT_CONVERSION = YES;
				GCC_WARN_ABOUT_RETURN_TYPE = YES_ERROR;
				GCC_WARN_UNDECLARED_SELECTOR = YES;
				GCC_WARN_UNINITIALIZED_AUTOS = YES_AGGRESSIVE;
				GCC_WARN_UNUSED_FUNCTION = YES;
				GCC_WARN_UNUSED_VARIABLE = YES;
				IPHONEOS_DEPLOYMENT_TARGET = 14.5;
				MTL_ENABLE_DEBUG_INFO = INCLUDE_SOURCE;
				MTL_FAST_MATH = YES;
				ONLY_ACTIVE_ARCH = YES;
				SDKROOT = iphoneos;
				SWIFT_ACTIVE_COMPILATION_CONDITIONS = DEBUG;
				SWIFT_OPTIMIZATION_LEVEL = "-Onone";
			};
			name = Debug;
		};
		9D461A4126CFE83100308C15 /* Release */ = {
			isa = XCBuildConfiguration;
			buildSettings = {
				ALWAYS_SEARCH_USER_PATHS = NO;
				CLANG_ANALYZER_NONNULL = YES;
				CLANG_ANALYZER_NUMBER_OBJECT_CONVERSION = YES_AGGRESSIVE;
				CLANG_CXX_LANGUAGE_STANDARD = "gnu++14";
				CLANG_CXX_LIBRARY = "libc++";
				CLANG_ENABLE_MODULES = YES;
				CLANG_ENABLE_OBJC_ARC = YES;
				CLANG_ENABLE_OBJC_WEAK = YES;
				CLANG_WARN_BLOCK_CAPTURE_AUTORELEASING = YES;
				CLANG_WARN_BOOL_CONVERSION = YES;
				CLANG_WARN_COMMA = YES;
				CLANG_WARN_CONSTANT_CONVERSION = YES;
				CLANG_WARN_DEPRECATED_OBJC_IMPLEMENTATIONS = YES;
				CLANG_WARN_DIRECT_OBJC_ISA_USAGE = YES_ERROR;
				CLANG_WARN_DOCUMENTATION_COMMENTS = YES;
				CLANG_WARN_EMPTY_BODY = YES;
				CLANG_WARN_ENUM_CONVERSION = YES;
				CLANG_WARN_INFINITE_RECURSION = YES;
				CLANG_WARN_INT_CONVERSION = YES;
				CLANG_WARN_NON_LITERAL_NULL_CONVERSION = YES;
				CLANG_WARN_OBJC_IMPLICIT_RETAIN_SELF = YES;
				CLANG_WARN_OBJC_LITERAL_CONVERSION = YES;
				CLANG_WARN_OBJC_ROOT_CLASS = YES_ERROR;
				CLANG_WARN_QUOTED_INCLUDE_IN_FRAMEWORK_HEADER = YES;
				CLANG_WARN_RANGE_LOOP_ANALYSIS = YES;
				CLANG_WARN_STRICT_PROTOTYPES = YES;
				CLANG_WARN_SUSPICIOUS_MOVE = YES;
				CLANG_WARN_UNGUARDED_AVAILABILITY = YES_AGGRESSIVE;
				CLANG_WARN_UNREACHABLE_CODE = YES;
				CLANG_WARN__DUPLICATE_METHOD_MATCH = YES;
				COPY_PHASE_STRIP = NO;
				DEBUG_INFORMATION_FORMAT = "dwarf-with-dsym";
				ENABLE_NS_ASSERTIONS = NO;
				ENABLE_STRICT_OBJC_MSGSEND = YES;
				GCC_C_LANGUAGE_STANDARD = gnu11;
				GCC_NO_COMMON_BLOCKS = YES;
				GCC_WARN_64_TO_32_BIT_CONVERSION = YES;
				GCC_WARN_ABOUT_RETURN_TYPE = YES_ERROR;
				GCC_WARN_UNDECLARED_SELECTOR = YES;
				GCC_WARN_UNINITIALIZED_AUTOS = YES_AGGRESSIVE;
				GCC_WARN_UNUSED_FUNCTION = YES;
				GCC_WARN_UNUSED_VARIABLE = YES;
				IPHONEOS_DEPLOYMENT_TARGET = 14.5;
				MTL_ENABLE_DEBUG_INFO = NO;
				MTL_FAST_MATH = YES;
				SDKROOT = iphoneos;
				SWIFT_COMPILATION_MODE = wholemodule;
				SWIFT_OPTIMIZATION_LEVEL = "-O";
				VALIDATE_PRODUCT = YES;
			};
			name = Release;
		};
		9D461A4326CFE83100308C15 /* Debug */ = {
			isa = XCBuildConfiguration;
			buildSettings = {
				ASSETCATALOG_COMPILER_APPICON_NAME = AppIcon;
				ASSETCATALOG_COMPILER_GLOBAL_ACCENT_COLOR_NAME = AccentColor;
				CODE_SIGN_STYLE = Automatic;
				DEVELOPMENT_TEAM = R36LU3NVAA;
				INFOPLIST_FILE = EasyCookApp/Info.plist;
				LD_RUNPATH_SEARCH_PATHS = (
					"$(inherited)",
					"@executable_path/Frameworks",
				);
				PRODUCT_BUNDLE_IDENTIFIER = dev.becca.EasyCookApp;
				PRODUCT_NAME = "$(TARGET_NAME)";
				SWIFT_VERSION = 5.0;
				TARGETED_DEVICE_FAMILY = "1,2";
			};
			name = Debug;
		};
		9D461A4426CFE83100308C15 /* Release */ = {
			isa = XCBuildConfiguration;
			buildSettings = {
				ASSETCATALOG_COMPILER_APPICON_NAME = AppIcon;
				ASSETCATALOG_COMPILER_GLOBAL_ACCENT_COLOR_NAME = AccentColor;
				CODE_SIGN_STYLE = Automatic;
				DEVELOPMENT_TEAM = R36LU3NVAA;
				INFOPLIST_FILE = EasyCookApp/Info.plist;
				LD_RUNPATH_SEARCH_PATHS = (
					"$(inherited)",
					"@executable_path/Frameworks",
				);
				PRODUCT_BUNDLE_IDENTIFIER = dev.becca.EasyCookApp;
				PRODUCT_NAME = "$(TARGET_NAME)";
				SWIFT_VERSION = 5.0;
				TARGETED_DEVICE_FAMILY = "1,2";
			};
			name = Release;
		};
		9D461A4626CFE83100308C15 /* Debug */ = {
			isa = XCBuildConfiguration;
			buildSettings = {
				ALWAYS_EMBED_SWIFT_STANDARD_LIBRARIES = YES;
				BUNDLE_LOADER = "$(TEST_HOST)";
				CODE_SIGN_STYLE = Automatic;
				DEVELOPMENT_TEAM = R36LU3NVAA;
				INFOPLIST_FILE = EasyCookAppTests/Info.plist;
				IPHONEOS_DEPLOYMENT_TARGET = 14.5;
				LD_RUNPATH_SEARCH_PATHS = (
					"$(inherited)",
					"@executable_path/Frameworks",
					"@loader_path/Frameworks",
				);
				PRODUCT_BUNDLE_IDENTIFIER = dev.becca.EasyCookAppTests;
				PRODUCT_NAME = "$(TARGET_NAME)";
				SWIFT_VERSION = 5.0;
				TARGETED_DEVICE_FAMILY = "1,2";
				TEST_HOST = "$(BUILT_PRODUCTS_DIR)/EasyCookApp.app/EasyCookApp";
			};
			name = Debug;
		};
		9D461A4726CFE83100308C15 /* Release */ = {
			isa = XCBuildConfiguration;
			buildSettings = {
				ALWAYS_EMBED_SWIFT_STANDARD_LIBRARIES = YES;
				BUNDLE_LOADER = "$(TEST_HOST)";
				CODE_SIGN_STYLE = Automatic;
				DEVELOPMENT_TEAM = R36LU3NVAA;
				INFOPLIST_FILE = EasyCookAppTests/Info.plist;
				IPHONEOS_DEPLOYMENT_TARGET = 14.5;
				LD_RUNPATH_SEARCH_PATHS = (
					"$(inherited)",
					"@executable_path/Frameworks",
					"@loader_path/Frameworks",
				);
				PRODUCT_BUNDLE_IDENTIFIER = dev.becca.EasyCookAppTests;
				PRODUCT_NAME = "$(TARGET_NAME)";
				SWIFT_VERSION = 5.0;
				TARGETED_DEVICE_FAMILY = "1,2";
				TEST_HOST = "$(BUILT_PRODUCTS_DIR)/EasyCookApp.app/EasyCookApp";
			};
			name = Release;
		};
		9D461A4926CFE83100308C15 /* Debug */ = {
			isa = XCBuildConfiguration;
			buildSettings = {
				ALWAYS_EMBED_SWIFT_STANDARD_LIBRARIES = YES;
				CODE_SIGN_STYLE = Automatic;
				DEVELOPMENT_TEAM = R36LU3NVAA;
				INFOPLIST_FILE = EasyCookAppUITests/Info.plist;
				LD_RUNPATH_SEARCH_PATHS = (
					"$(inherited)",
					"@executable_path/Frameworks",
					"@loader_path/Frameworks",
				);
				PRODUCT_BUNDLE_IDENTIFIER = dev.becca.EasyCookAppUITests;
				PRODUCT_NAME = "$(TARGET_NAME)";
				SWIFT_VERSION = 5.0;
				TARGETED_DEVICE_FAMILY = "1,2";
				TEST_TARGET_NAME = EasyCookApp;
			};
			name = Debug;
		};
		9D461A4A26CFE83100308C15 /* Release */ = {
			isa = XCBuildConfiguration;
			buildSettings = {
				ALWAYS_EMBED_SWIFT_STANDARD_LIBRARIES = YES;
				CODE_SIGN_STYLE = Automatic;
				DEVELOPMENT_TEAM = R36LU3NVAA;
				INFOPLIST_FILE = EasyCookAppUITests/Info.plist;
				LD_RUNPATH_SEARCH_PATHS = (
					"$(inherited)",
					"@executable_path/Frameworks",
					"@loader_path/Frameworks",
				);
				PRODUCT_BUNDLE_IDENTIFIER = dev.becca.EasyCookAppUITests;
				PRODUCT_NAME = "$(TARGET_NAME)";
				SWIFT_VERSION = 5.0;
				TARGETED_DEVICE_FAMILY = "1,2";
				TEST_TARGET_NAME = EasyCookApp;
			};
			name = Release;
		};
/* End XCBuildConfiguration section */

/* Begin XCConfigurationList section */
		9D461A1326CFE82E00308C15 /* Build configuration list for PBXProject "EasyCookApp" */ = {
			isa = XCConfigurationList;
			buildConfigurations = (
				9D461A4026CFE83100308C15 /* Debug */,
				9D461A4126CFE83100308C15 /* Release */,
			);
			defaultConfigurationIsVisible = 0;
			defaultConfigurationName = Release;
		};
		9D461A4226CFE83100308C15 /* Build configuration list for PBXNativeTarget "EasyCookApp" */ = {
			isa = XCConfigurationList;
			buildConfigurations = (
				9D461A4326CFE83100308C15 /* Debug */,
				9D461A4426CFE83100308C15 /* Release */,
			);
			defaultConfigurationIsVisible = 0;
			defaultConfigurationName = Release;
		};
		9D461A4526CFE83100308C15 /* Build configuration list for PBXNativeTarget "EasyCookAppTests" */ = {
			isa = XCConfigurationList;
			buildConfigurations = (
				9D461A4626CFE83100308C15 /* Debug */,
				9D461A4726CFE83100308C15 /* Release */,
			);
			defaultConfigurationIsVisible = 0;
			defaultConfigurationName = Release;
		};
		9D461A4826CFE83100308C15 /* Build configuration list for PBXNativeTarget "EasyCookAppUITests" */ = {
			isa = XCConfigurationList;
			buildConfigurations = (
				9D461A4926CFE83100308C15 /* Debug */,
				9D461A4A26CFE83100308C15 /* Release */,
			);
			defaultConfigurationIsVisible = 0;
			defaultConfigurationName = Release;
		};
/* End XCConfigurationList section */
	};
	rootObject = 9D461A1026CFE82E00308C15 /* Project object */;
}
